
Microsoft Visual Studio Solution File, Format Version 12.00
# Visual Studio Version 16
VisualStudioVersion = 16.0.810.11
MinimumVisualStudioVersion = 10.0.40219.1
Project("{FAE04EC0-301F-11D3-BF4B-00C04F79EFBC}") = "Industry4Project", "Industry4Project.csproj", "{816222E3-C427-45C0-B053-3914CB9CF097}"
EndProject
Global
	GlobalSection(SolutionConfigurationPlatforms) = preSolution
		Debug|Any CPU = Debug|Any CPU
		Release|Any CPU = Release|Any CPU
	EndGlobalSection
	GlobalSection(ProjectConfigurationPlatforms) = postSolution
		{816222E3-C427-45C0-B053-3914CB9CF097}.Debug|Any CPU.ActiveCfg = Debug|Any CPU
		{816222E3-C427-45C0-B053-3914CB9CF097}.Debug|Any CPU.Build.0 = Debug|Any CPU
		{816222E3-C427-45C0-B053-3914CB9CF097}.Release|Any CPU.ActiveCfg = Release|Any CPU
		{816222E3-C427-45C0-B053-3914CB9CF097}.Release|Any CPU.Build.0 = Release|Any CPU
	EndGlobalSection
	GlobalSection(SolutionProperties) = preSolution
		HideSolutionNode = FALSE
	EndGlobalSection
	GlobalSection(ExtensibilityGlobals) = postSolution
		SolutionGuid = {F608D38B-44F6-48AB-9CD8-2B401D66CCE8}
	EndGlobalSection
EndGlobal
